
Microsoft Visual Studio Solution File, Format Version 12.00
# Visual Studio Version 17
VisualStudioVersion = 17.11.35312.102
MinimumVisualStudioVersion = 10.0.40219.1
Project("{FAE04EC0-301F-11D3-BF4B-00C04F79EFBC}") = "removeOne", "removeOne\removeOne.csproj", "{91056D28-7D65-48D6-838D-3066BE794A90}"
EndProject
Global
	GlobalSection(SolutionConfigurationPlatforms) = preSolution
		Debug|Any CPU = Debug|Any CPU
		Release|Any CPU = Release|Any CPU
	EndGlobalSection
	GlobalSection(ProjectConfigurationPlatforms) = postSolution
		{91056D28-7D65-48D6-838D-3066BE794A90}.Debug|Any CPU.ActiveCfg = Debug|Any CPU
		{91056D28-7D65-48D6-838D-3066BE794A90}.Debug|Any CPU.Build.0 = Debug|Any CPU
		{91056D28-7D65-48D6-838D-3066BE794A90}.Release|Any CPU.ActiveCfg = Release|Any CPU
		{91056D28-7D65-48D6-838D-3066BE794A90}.Release|Any CPU.Build.0 = Release|Any CPU
	EndGlobalSection
	GlobalSection(SolutionProperties) = preSolution
		HideSolutionNode = FALSE
	EndGlobalSection
	GlobalSection(ExtensibilityGlobals) = postSolution
		SolutionGuid = {DB7CDB48-4C66-4998-864B-CCE63F283EAD}
	EndGlobalSection
EndGlobal
